// !$*UTF8*$!
{
	archiveVersion = 1;
	classes = {
	};
	objectVersion = 46;
	objects = {

/* Begin PBXBuildFile section */
		C9AD8C151E7DE27000AAD04D /* AppDelegate.swift in Sources */ = {isa = PBXBuildFile; fileRef = C9AD8C141E7DE27000AAD04D /* AppDelegate.swift */; };
		C9AD8C1A1E7DE27000AAD04D /* Pod_Player.xcdatamodeld in Sources */ = {isa = PBXBuildFile; fileRef = C9AD8C181E7DE27000AAD04D /* Pod_Player.xcdatamodeld */; };
		C9AD8C1C1E7DE27000AAD04D /* Assets.xcassets in Resources */ = {isa = PBXBuildFile; fileRef = C9AD8C1B1E7DE27000AAD04D /* Assets.xcassets */; };
		C9AD8C1F1E7DE27000AAD04D /* Main.storyboard in Resources */ = {isa = PBXBuildFile; fileRef = C9AD8C1D1E7DE27000AAD04D /* Main.storyboard */; };
		C9AD8C291E7DE7AF00AAD04D /* PodcastViewController.swift in Sources */ = {isa = PBXBuildFile; fileRef = C9AD8C281E7DE7AF00AAD04D /* PodcastViewController.swift */; };
		C9AD8C331E7DEF3900AAD04D /* Parser.swift in Sources */ = {isa = PBXBuildFile; fileRef = C9AD8C321E7DEF3900AAD04D /* Parser.swift */; };
		C9AD8C361E7DF59D00AAD04D /* SWXMLHash.swift in Sources */ = {isa = PBXBuildFile; fileRef = C9AD8C341E7DF59D00AAD04D /* SWXMLHash.swift */; };
		C9AD8C371E7DF59D00AAD04D /* SWXMLHash+TypeConversion.swift in Sources */ = {isa = PBXBuildFile; fileRef = C9AD8C351E7DF59D00AAD04D /* SWXMLHash+TypeConversion.swift */; };
		C9C977601E7E0E7C008F4DA2 /* EpisodesViewController.swift in Sources */ = {isa = PBXBuildFile; fileRef = C9C9775F1E7E0E7C008F4DA2 /* EpisodesViewController.swift */; };
		C9C977621E7E104C008F4DA2 /* TheSplitController.swift in Sources */ = {isa = PBXBuildFile; fileRef = C9C977611E7E104C008F4DA2 /* TheSplitController.swift */; };
		C9C977641E7E16A0008F4DA2 /* Episode.swift in Sources */ = {isa = PBXBuildFile; fileRef = C9C977631E7E16A0008F4DA2 /* Episode.swift */; };
/* End PBXBuildFile section */

/* Begin PBXFileReference section */
		C9AD8C111E7DE27000AAD04D /* Pod Player.app */ = {isa = PBXFileReference; explicitFileType = wrapper.application; includeInIndex = 0; path = "Pod Player.app"; sourceTree = BUILT_PRODUCTS_DIR; };
		C9AD8C141E7DE27000AAD04D /* AppDelegate.swift */ = {isa = PBXFileReference; lastKnownFileType = sourcecode.swift; path = AppDelegate.swift; sourceTree = "<group>"; };
		C9AD8C191E7DE27000AAD04D /* Pod_Player.xcdatamodel */ = {isa = PBXFileReference; lastKnownFileType = wrapper.xcdatamodel; path = Pod_Player.xcdatamodel; sourceTree = "<group>"; };
		C9AD8C1B1E7DE27000AAD04D /* Assets.xcassets */ = {isa = PBXFileReference; lastKnownFileType = folder.assetcatalog; path = Assets.xcassets; sourceTree = "<group>"; };
		C9AD8C1E1E7DE27000AAD04D /* Base */ = {isa = PBXFileReference; lastKnownFileType = file.storyboard; name = Base; path = Base.lproj/Main.storyboard; sourceTree = "<group>"; };
		C9AD8C201E7DE27000AAD04D /* Info.plist */ = {isa = PBXFileReference; lastKnownFileType = text.plist.xml; path = Info.plist; sourceTree = "<group>"; };
		C9AD8C281E7DE7AF00AAD04D /* PodcastViewController.swift */ = {isa = PBXFileReference; fileEncoding = 4; lastKnownFileType = sourcecode.swift; name = PodcastViewController.swift; path = ../PodcastViewController.swift; sourceTree = "<group>"; };
		C9AD8C321E7DEF3900AAD04D /* Parser.swift */ = {isa = PBXFileReference; fileEncoding = 4; lastKnownFileType = sourcecode.swift; path = Parser.swift; sourceTree = "<group>"; };
		C9AD8C341E7DF59D00AAD04D /* SWXMLHash.swift */ = {isa = PBXFileReference; fileEncoding = 4; lastKnownFileType = sourcecode.swift; path = SWXMLHash.swift; sourceTree = "<group>"; };
		C9AD8C351E7DF59D00AAD04D /* SWXMLHash+TypeConversion.swift */ = {isa = PBXFileReference; fileEncoding = 4; lastKnownFileType = sourcecode.swift; path = "SWXMLHash+TypeConversion.swift"; sourceTree = "<group>"; };
		C9C9775F1E7E0E7C008F4DA2 /* EpisodesViewController.swift */ = {isa = PBXFileReference; fileEncoding = 4; lastKnownFileType = sourcecode.swift; path = EpisodesViewController.swift; sourceTree = "<group>"; };
		C9C977611E7E104C008F4DA2 /* TheSplitController.swift */ = {isa = PBXFileReference; fileEncoding = 4; lastKnownFileType = sourcecode.swift; path = TheSplitController.swift; sourceTree = "<group>"; };
		C9C977631E7E16A0008F4DA2 /* Episode.swift */ = {isa = PBXFileReference; fileEncoding = 4; lastKnownFileType = sourcecode.swift; path = Episode.swift; sourceTree = "<group>"; };
/* End PBXFileReference section */

/* Begin PBXFrameworksBuildPhase section */
		C9AD8C0E1E7DE27000AAD04D /* Frameworks */ = {
			isa = PBXFrameworksBuildPhase;
			buildActionMask = 2147483647;
			files = (
			);
			runOnlyForDeploymentPostprocessing = 0;
		};
/* End PBXFrameworksBuildPhase section */

/* Begin PBXGroup section */
		C9AD8C081E7DE27000AAD04D = {
			isa = PBXGroup;
			children = (
				C9AD8C131E7DE27000AAD04D /* Pod Player */,
				C9AD8C121E7DE27000AAD04D /* Products */,
			);
			sourceTree = "<group>";
		};
		C9AD8C121E7DE27000AAD04D /* Products */ = {
			isa = PBXGroup;
			children = (
				C9AD8C111E7DE27000AAD04D /* Pod Player.app */,
			);
			name = Products;
			sourceTree = "<group>";
		};
		C9AD8C131E7DE27000AAD04D /* Pod Player */ = {
			isa = PBXGroup;
			children = (
				C9AD8C141E7DE27000AAD04D /* AppDelegate.swift */,
				C9C977611E7E104C008F4DA2 /* TheSplitController.swift */,
				C9AD8C281E7DE7AF00AAD04D /* PodcastViewController.swift */,
				C9C9775F1E7E0E7C008F4DA2 /* EpisodesViewController.swift */,
				C9AD8C321E7DEF3900AAD04D /* Parser.swift */,
				C9C977631E7E16A0008F4DA2 /* Episode.swift */,
				C9AD8C1D1E7DE27000AAD04D /* Main.storyboard */,
				C9AD8C381E7DF5A300AAD04D /* SWXML Hash */,
				C9AD8C1B1E7DE27000AAD04D /* Assets.xcassets */,
				C9AD8C201E7DE27000AAD04D /* Info.plist */,
				C9AD8C181E7DE27000AAD04D /* Pod_Player.xcdatamodeld */,
			);
			path = "Pod Player";
			sourceTree = "<group>";
		};
		C9AD8C381E7DF5A300AAD04D /* SWXML Hash */ = {
			isa = PBXGroup;
			children = (
				C9AD8C341E7DF59D00AAD04D /* SWXMLHash.swift */,
				C9AD8C351E7DF59D00AAD04D /* SWXMLHash+TypeConversion.swift */,
			);
			name = "SWXML Hash";
			sourceTree = "<group>";
		};
/* End PBXGroup section */

/* Begin PBXNativeTarget section */
		C9AD8C101E7DE27000AAD04D /* Pod Player */ = {
			isa = PBXNativeTarget;
			buildConfigurationList = C9AD8C231E7DE27000AAD04D /* Build configuration list for PBXNativeTarget "Pod Player" */;
			buildPhases = (
				C9AD8C0D1E7DE27000AAD04D /* Sources */,
				C9AD8C0E1E7DE27000AAD04D /* Frameworks */,
				C9AD8C0F1E7DE27000AAD04D /* Resources */,
			);
			buildRules = (
			);
			dependencies = (
			);
			name = "Pod Player";
			productName = "Pod Player";
			productReference = C9AD8C111E7DE27000AAD04D /* Pod Player.app */;
			productType = "com.apple.product-type.application";
		};
/* End PBXNativeTarget section */

/* Begin PBXProject section */
		C9AD8C091E7DE27000AAD04D /* Project object */ = {
			isa = PBXProject;
			attributes = {
				LastSwiftUpdateCheck = 0820;
				LastUpgradeCheck = 0820;
				ORGANIZATIONNAME = "Mitch Guzman";
				TargetAttributes = {
					C9AD8C101E7DE27000AAD04D = {
						CreatedOnToolsVersion = 8.2;
						DevelopmentTeam = TCXW9323N3;
						ProvisioningStyle = Automatic;
					};
				};
			};
			buildConfigurationList = C9AD8C0C1E7DE27000AAD04D /* Build configuration list for PBXProject "Pod Player" */;
			compatibilityVersion = "Xcode 3.2";
			developmentRegion = English;
			hasScannedForEncodings = 0;
			knownRegions = (
				en,
				Base,
			);
			mainGroup = C9AD8C081E7DE27000AAD04D;
			productRefGroup = C9AD8C121E7DE27000AAD04D /* Products */;
			projectDirPath = "";
			projectRoot = "";
			targets = (
				C9AD8C101E7DE27000AAD04D /* Pod Player */,
			);
		};
/* End PBXProject section */

/* Begin PBXResourcesBuildPhase section */
		C9AD8C0F1E7DE27000AAD04D /* Resources */ = {
			isa = PBXResourcesBuildPhase;
			buildActionMask = 2147483647;
			files = (
				C9AD8C1C1E7DE27000AAD04D /* Assets.xcassets in Resources */,
				C9AD8C1F1E7DE27000AAD04D /* Main.storyboard in Resources */,
			);
			runOnlyForDeploymentPostprocessing = 0;
		};
/* End PBXResourcesBuildPhase section */

/* Begin PBXSourcesBuildPhase section */
		C9AD8C0D1E7DE27000AAD04D /* Sources */ = {
			isa = PBXSourcesBuildPhase;
			buildActionMask = 2147483647;
			files = (
				C9AD8C331E7DEF3900AAD04D /* Parser.swift in Sources */,
				C9AD8C371E7DF59D00AAD04D /* SWXMLHash+TypeConversion.swift in Sources */,
				C9C977601E7E0E7C008F4DA2 /* EpisodesViewController.swift in Sources */,
				C9AD8C291E7DE7AF00AAD04D /* PodcastViewController.swift in Sources */,
				C9C977621E7E104C008F4DA2 /* TheSplitController.swift in Sources */,
				C9AD8C1A1E7DE27000AAD04D /* Pod_Player.xcdatamodeld in Sources */,
				C9AD8C361E7DF59D00AAD04D /* SWXMLHash.swift in Sources */,
				C9C977641E7E16A0008F4DA2 /* Episode.swift in Sources */,
				C9AD8C151E7DE27000AAD04D /* AppDelegate.swift in Sources */,
			);
			runOnlyForDeploymentPostprocessing = 0;
		};
/* End PBXSourcesBuildPhase section */

/* Begin PBXVariantGroup section */
		C9AD8C1D1E7DE27000AAD04D /* Main.storyboard */ = {
			isa = PBXVariantGroup;
			children = (
				C9AD8C1E1E7DE27000AAD04D /* Base */,
			);
			name = Main.storyboard;
			sourceTree = "<group>";
		};
/* End PBXVariantGroup section */

/* Begin XCBuildConfiguration section */
		C9AD8C211E7DE27000AAD04D /* Debug */ = {
			isa = XCBuildConfiguration;
			buildSettings = {
				ALWAYS_SEARCH_USER_PATHS = NO;
				CLANG_ANALYZER_NONNULL = YES;
				CLANG_CXX_LANGUAGE_STANDARD = "gnu++0x";
				CLANG_CXX_LIBRARY = "libc++";
				CLANG_ENABLE_MODULES = YES;
				CLANG_ENABLE_OBJC_ARC = YES;
				CLANG_WARN_BOOL_CONVERSION = YES;
				CLANG_WARN_CONSTANT_CONVERSION = YES;
				CLANG_WARN_DIRECT_OBJC_ISA_USAGE = YES_ERROR;
				CLANG_WARN_DOCUMENTATION_COMMENTS = YES;
				CLANG_WARN_EMPTY_BODY = YES;
				CLANG_WARN_ENUM_CONVERSION = YES;
				CLANG_WARN_INFINITE_RECURSION = YES;
				CLANG_WARN_INT_CONVERSION = YES;
				CLANG_WARN_OBJC_ROOT_CLASS = YES_ERROR;
				CLANG_WARN_SUSPICIOUS_MOVE = YES;
				CLANG_WARN_UNREACHABLE_CODE = YES;
				CLANG_WARN__DUPLICATE_METHOD_MATCH = YES;
				CODE_SIGN_IDENTITY = "-";
				COPY_PHASE_STRIP = NO;
				DEBUG_INFORMATION_FORMAT = dwarf;
				ENABLE_STRICT_OBJC_MSGSEND = YES;
				ENABLE_TESTABILITY = YES;
				GCC_C_LANGUAGE_STANDARD = gnu99;
				GCC_DYNAMIC_NO_PIC = NO;
				GCC_NO_COMMON_BLOCKS = YES;
				GCC_OPTIMIZATION_LEVEL = 0;
				GCC_PREPROCESSOR_DEFINITIONS = (
					"DEBUG=1",
					"$(inherited)",
				);
				GCC_WARN_64_TO_32_BIT_CONVERSION = YES;
				GCC_WARN_ABOUT_RETURN_TYPE = YES_ERROR;
				GCC_WARN_UNDECLARED_SELECTOR = YES;
				GCC_WARN_UNINITIALIZED_AUTOS = YES_AGGRESSIVE;
				GCC_WARN_UNUSED_FUNCTION = YES;
				GCC_WARN_UNUSED_VARIABLE = YES;
				MACOSX_DEPLOYMENT_TARGET = 10.12;
				MTL_ENABLE_DEBUG_INFO = YES;
				ONLY_ACTIVE_ARCH = YES;
				SDKROOT = macosx;
				SWIFT_ACTIVE_COMPILATION_CONDITIONS = DEBUG;
				SWIFT_OPTIMIZATION_LEVEL = "-Onone";
			};
			name = Debug;
		};
		C9AD8C221E7DE27000AAD04D /* Release */ = {
			isa = XCBuildConfiguration;
			buildSettings = {
				ALWAYS_SEARCH_USER_PATHS = NO;
				CLANG_ANALYZER_NONNULL = YES;
				CLANG_CXX_LANGUAGE_STANDARD = "gnu++0x";
				CLANG_CXX_LIBRARY = "libc++";
				CLANG_ENABLE_MODULES = YES;
				CLANG_ENABLE_OBJC_ARC = YES;
				CLANG_WARN_BOOL_CONVERSION = YES;
				CLANG_WARN_CONSTANT_CONVERSION = YES;
				CLANG_WARN_DIRECT_OBJC_ISA_USAGE = YES_ERROR;
				CLANG_WARN_DOCUMENTATION_COMMENTS = YES;
				CLANG_WARN_EMPTY_BODY = YES;
				CLANG_WARN_ENUM_CONVERSION = YES;
				CLANG_WARN_INFINITE_RECURSION = YES;
				CLANG_WARN_INT_CONVERSION = YES;
				CLANG_WARN_OBJC_ROOT_CLASS = YES_ERROR;
				CLANG_WARN_SUSPICIOUS_MOVE = YES;
				CLANG_WARN_UNREACHABLE_CODE = YES;
				CLANG_WARN__DUPLICATE_METHOD_MATCH = YES;
				CODE_SIGN_IDENTITY = "-";
				COPY_PHASE_STRIP = NO;
				DEBUG_INFORMATION_FORMAT = "dwarf-with-dsym";
				ENABLE_NS_ASSERTIONS = NO;
				ENABLE_STRICT_OBJC_MSGSEND = YES;
				GCC_C_LANGUAGE_STANDARD = gnu99;
				GCC_NO_COMMON_BLOCKS = YES;
				GCC_WARN_64_TO_32_BIT_CONVERSION = YES;
				GCC_WARN_ABOUT_RETURN_TYPE = YES_ERROR;
				GCC_WARN_UNDECLARED_SELECTOR = YES;
				GCC_WARN_UNINITIALIZED_AUTOS = YES_AGGRESSIVE;
				GCC_WARN_UNUSED_FUNCTION = YES;
				GCC_WARN_UNUSED_VARIABLE = YES;
				MACOSX_DEPLOYMENT_TARGET = 10.12;
				MTL_ENABLE_DEBUG_INFO = NO;
				SDKROOT = macosx;
				SWIFT_OPTIMIZATION_LEVEL = "-Owholemodule";
			};
			name = Release;
		};
		C9AD8C241E7DE27000AAD04D /* Debug */ = {
			isa = XCBuildConfiguration;
			buildSettings = {
				ASSETCATALOG_COMPILER_APPICON_NAME = AppIcon;
				COMBINE_HIDPI_IMAGES = YES;
				DEVELOPMENT_TEAM = TCXW9323N3;
				INFOPLIST_FILE = "Pod Player/Info.plist";
				LD_RUNPATH_SEARCH_PATHS = "$(inherited) @executable_path/../Frameworks";
				PRODUCT_BUNDLE_IDENTIFIER = "mgwiggle-apps.Pod-Player";
				PRODUCT_NAME = "$(TARGET_NAME)";
				SWIFT_VERSION = 3.0;
			};
			name = Debug;
		};
		C9AD8C251E7DE27000AAD04D /* Release */ = {
			isa = XCBuildConfiguration;
			buildSettings = {
				ASSETCATALOG_COMPILER_APPICON_NAME = AppIcon;
				COMBINE_HIDPI_IMAGES = YES;
				DEVELOPMENT_TEAM = TCXW9323N3;
				INFOPLIST_FILE = "Pod Player/Info.plist";
				LD_RUNPATH_SEARCH_PATHS = "$(inherited) @executable_path/../Frameworks";
				PRODUCT_BUNDLE_IDENTIFIER = "mgwiggle-apps.Pod-Player";
				PRODUCT_NAME = "$(TARGET_NAME)";
				SWIFT_VERSION = 3.0;
			};
			name = Release;
		};
/* End XCBuildConfiguration section */

/* Begin XCConfigurationList section */
		C9AD8C0C1E7DE27000AAD04D /* Build configuration list for PBXProject "Pod Player" */ = {
			isa = XCConfigurationList;
			buildConfigurations = (
				C9AD8C211E7DE27000AAD04D /* Debug */,
				C9AD8C221E7DE27000AAD04D /* Release */,
			);
			defaultConfigurationIsVisible = 0;
			defaultConfigurationName = Release;
		};
		C9AD8C231E7DE27000AAD04D /* Build configuration list for PBXNativeTarget "Pod Player" */ = {
			isa = XCConfigurationList;
			buildConfigurations = (
				C9AD8C241E7DE27000AAD04D /* Debug */,
				C9AD8C251E7DE27000AAD04D /* Release */,
			);
			defaultConfigurationIsVisible = 0;
			defaultConfigurationName = Release;
		};
/* End XCConfigurationList section */

/* Begin XCVersionGroup section */
		C9AD8C181E7DE27000AAD04D /* Pod_Player.xcdatamodeld */ = {
			isa = XCVersionGroup;
			children = (
				C9AD8C191E7DE27000AAD04D /* Pod_Player.xcdatamodel */,
			);
			currentVersion = C9AD8C191E7DE27000AAD04D /* Pod_Player.xcdatamodel */;
			path = Pod_Player.xcdatamodeld;
			sourceTree = "<group>";
			versionGroupType = wrapper.xcdatamodel;
		};
/* End XCVersionGroup section */
	};
	rootObject = C9AD8C091E7DE27000AAD04D /* Project object */;
}
